{
  "name": "linn",
  "version": "1.0.0",
  "lockfileVersion": 1,
  "requires": true,
  "dependencies": {
    "bindings": {
      "version": "1.2.1",
      "resolved": "https://registry.npmjs.org/bindings/-/bindings-1.2.1.tgz",
      "integrity": "sha1-FK1hE4EtLTfXLme0ystLtyZQXxE="
    },
    "binpack": {
      "version": "0.1.0",
      "resolved": "https://registry.npmjs.org/binpack/-/binpack-0.1.0.tgz",
      "integrity": "sha1-vT0JdMPyoERuF99PYLVacqIFqX4="
    },
    "debug": {
      "version": "2.6.9",
      "resolved": "https://registry.npmjs.org/debug/-/debug-2.6.9.tgz",
      "integrity": "sha512-bC7ElrdJaJnPbAP+1EotYvqZsb3ecl5wi6Bfi6BJTUcNowp6cvspg0jXznRTKDjm/E7AdgFBVeAPVMNcKGsHMA==",
      "requires": {
        "ms": "2.0.0"
      }
    },
    "easymidi": {
      "version": "1.0.1",
      "resolved": "https://registry.npmjs.org/easymidi/-/easymidi-1.0.1.tgz",
      "integrity": "sha512-/8SUktbfK8yTngFlegFM2cfRvVKHozGHgMn+rh6PBgESEUCHqn1GmDaSshCiJ21p9KH+bpqmIoztKoLb+/1Q+A==",
      "requires": {
        "midi": "^0.9.5"
      }
    },
    "midi": {
      "version": "0.9.5",
      "resolved": "https://registry.npmjs.org/midi/-/midi-0.9.5.tgz",
      "integrity": "sha1-/DI6/z6BsNQJnK7q1TW6Z5xunYg=",
      "requires": {
        "bindings": "~1.2.1",
        "nan": "^2.3.3"
      }
    },
    "ms": {
      "version": "2.0.0",
      "resolved": "https://registry.npmjs.org/ms/-/ms-2.0.0.tgz",
      "integrity": "sha1-VgiurfwAvmwpAd9fmGF4jeDVl8g="
    },
    "nan": {
      "version": "2.14.0",
      "resolved": "https://registry.npmjs.org/nan/-/nan-2.14.0.tgz",
      "integrity": "sha512-INOFj37C7k3AfaNTtX8RhsTw7qRy7eLET14cROi9+5HAVbbHuIWUHEauBv5qT4Av2tWasiTY1Jw6puUNqRJXQg=="
    },
    "osc-emitter": {
      "version": "1.0.4",
      "resolved": "https://registry.npmjs.org/osc-emitter/-/osc-emitter-1.0.4.tgz",
      "integrity": "sha1-63tf0uNUXmKpbiqn3FfoG9K1PDU=",
      "requires": {
        "debug": "^2.2.0",
        "osc-min": "~1.1.1"
      }
    },
    "osc-min": {
      "version": "1.1.1",
      "resolved": "https://registry.npmjs.org/osc-min/-/osc-min-1.1.1.tgz",
      "integrity": "sha1-hYBEOjq7AvcyVPWihjQNy+PPPwc=",
      "requires": {
        "binpack": "~0"
      }
    },
    "osc-receiver": {
      "version": "1.1.3",
      "resolved": "https://registry.npmjs.org/osc-receiver/-/osc-receiver-1.1.3.tgz",
      "integrity": "sha1-b//UWCucpazLA1ASf4+t935eIJg=",
      "requires": {
        "debug": "^2.2.0",
        "osc-min": "1.1.1"
      }
    },
    "serialosc": {
      "version": "0.0.8",
      "resolved": "https://registry.npmjs.org/serialosc/-/serialosc-0.0.8.tgz",
      "integrity": "sha1-XDiC5o1lB1yz9sQLP4/V063JArY=",
      "requires": {
        "osc-emitter": "^1.0.0",
        "osc-receiver": "^1.1.0",
        "underscore": "^1.6.0"
      }
    },
    "underscore": {
      "version": "1.13.1",
      "resolved": "https://registry.npmjs.org/underscore/-/underscore-1.13.1.tgz",
      "integrity": "sha512-hzSoAVtJF+3ZtiFX0VgfFPHEDRm7Y/QPjGyNo4TVdnDTdft3tr8hEkD25a1jC+TjTuE7tkHGKkhwCgs9dgBB2g=="
    }
  }
}
